
Microsoft Visual Studio Solution File, Format Version 12.00
# Visual Studio Version 17
VisualStudioVersion = 17.9.34728.123
MinimumVisualStudioVersion = 10.0.40219.1
Project("{FAE04EC0-301F-11D3-BF4B-00C04F79EFBC}") = "Back_NET_DebidaDiligencia_API", "Back_NET_DebidaDiligencia_API\Back_NET_DebidaDiligencia_API.csproj", "{7ED79548-017E-4FFB-BBBB-B26898ABB7D5}"
EndProject
Global
	GlobalSection(SolutionConfigurationPlatforms) = preSolution
		Debug|Any CPU = Debug|Any CPU
		Release|Any CPU = Release|Any CPU
	EndGlobalSection
	GlobalSection(ProjectConfigurationPlatforms) = postSolution
		{7ED79548-017E-4FFB-BBBB-B26898ABB7D5}.Debug|Any CPU.ActiveCfg = Debug|Any CPU
		{7ED79548-017E-4FFB-BBBB-B26898ABB7D5}.Debug|Any CPU.Build.0 = Debug|Any CPU
		{7ED79548-017E-4FFB-BBBB-B26898ABB7D5}.Release|Any CPU.ActiveCfg = Release|Any CPU
		{7ED79548-017E-4FFB-BBBB-B26898ABB7D5}.Release|Any CPU.Build.0 = Release|Any CPU
	EndGlobalSection
	GlobalSection(SolutionProperties) = preSolution
		HideSolutionNode = FALSE
	EndGlobalSection
	GlobalSection(ExtensibilityGlobals) = postSolution
		SolutionGuid = {1EE10509-40C1-432B-B754-526BCEF826CE}
	EndGlobalSection
EndGlobal
